// !$*UTF8*$!
{
	archiveVersion = 1;
	classes = {
	};
	objectVersion = 56;
	objects = {

/* Begin PBXBuildFile section */
		33231BA22A55630800442F98 /* LandmarksApp.swift in Sources */ = {isa = PBXBuildFile; fileRef = 33231BA12A55630800442F98 /* LandmarksApp.swift */; };
		33231BA42A55630800442F98 /* ContentView.swift in Sources */ = {isa = PBXBuildFile; fileRef = 33231BA32A55630800442F98 /* ContentView.swift */; };
		33231BA62A55630900442F98 /* Assets.xcassets in Resources */ = {isa = PBXBuildFile; fileRef = 33231BA52A55630900442F98 /* Assets.xcassets */; };
		33231BAA2A55630900442F98 /* Preview Assets.xcassets in Resources */ = {isa = PBXBuildFile; fileRef = 33231BA92A55630900442F98 /* Preview Assets.xcassets */; };
		33231BB12A55655000442F98 /* CircleImage.swift in Sources */ = {isa = PBXBuildFile; fileRef = 33231BB02A55655000442F98 /* CircleImage.swift */; };
		33231BB32A55656A00442F98 /* MapView.swift in Sources */ = {isa = PBXBuildFile; fileRef = 33231BB22A55656A00442F98 /* MapView.swift */; };
		33231BB82A55916100442F98 /* landmarkData.json in Resources */ = {isa = PBXBuildFile; fileRef = 33231BB72A55916100442F98 /* landmarkData.json */; };
		33231BBA2A5591A200442F98 /* Landmark.swift in Sources */ = {isa = PBXBuildFile; fileRef = 33231BB92A5591A200442F98 /* Landmark.swift */; };
		33231BBC2A5596CA00442F98 /* ModelData.swift in Sources */ = {isa = PBXBuildFile; fileRef = 33231BBB2A5596CA00442F98 /* ModelData.swift */; };
		33231BBE2A5598F800442F98 /* LandmarkRow.swift in Sources */ = {isa = PBXBuildFile; fileRef = 33231BBD2A5598F800442F98 /* LandmarkRow.swift */; };
		33231BC02A559CD800442F98 /* LandmarkList.swift in Sources */ = {isa = PBXBuildFile; fileRef = 33231BBF2A559CD800442F98 /* LandmarkList.swift */; };
		33231BC22A55A82F00442F98 /* LandmarkDetail.swift in Sources */ = {isa = PBXBuildFile; fileRef = 33231BC12A55A82F00442F98 /* LandmarkDetail.swift */; };
		33231BC62A56D77900442F98 /* UIView+Extension.swift in Sources */ = {isa = PBXBuildFile; fileRef = 33231BC52A56D77900442F98 /* UIView+Extension.swift */; };
		33231BCA2A56E62C00442F98 /* FavoriteButton.swift in Sources */ = {isa = PBXBuildFile; fileRef = 33231BC92A56E62C00442F98 /* FavoriteButton.swift */; };
		3341C5442A5C19B7007ECE1C /* HexagonParameters.swift in Sources */ = {isa = PBXBuildFile; fileRef = 3341C5432A5C19B7007ECE1C /* HexagonParameters.swift */; };
		3341C5462A5C2BC8007ECE1C /* BadgeBackground.swift in Sources */ = {isa = PBXBuildFile; fileRef = 3341C5452A5C2BC8007ECE1C /* BadgeBackground.swift */; };
		3341C5482A5C45D2007ECE1C /* BadgeSymbol.swift in Sources */ = {isa = PBXBuildFile; fileRef = 3341C5472A5C45D2007ECE1C /* BadgeSymbol.swift */; };
		3341C54A2A5C4ADE007ECE1C /* RotatedBadgeSymbol.swift in Sources */ = {isa = PBXBuildFile; fileRef = 3341C5492A5C4ADE007ECE1C /* RotatedBadgeSymbol.swift */; };
		3341C54C2A5C4BC2007ECE1C /* Badge.swift in Sources */ = {isa = PBXBuildFile; fileRef = 3341C54B2A5C4BC2007ECE1C /* Badge.swift */; };
		3341C55D2A5DA714007ECE1C /* Hike.swift in Sources */ = {isa = PBXBuildFile; fileRef = 3341C55C2A5DA714007ECE1C /* Hike.swift */; };
		3341C55F2A5DA7CC007ECE1C /* hikeData.json in Resources */ = {isa = PBXBuildFile; fileRef = 3341C55E2A5DA7CC007ECE1C /* hikeData.json */; };
		33540A942A6EC73F00E47DE2 /* PageControl.swift in Sources */ = {isa = PBXBuildFile; fileRef = 33540A932A6EC73F00E47DE2 /* PageControl.swift */; };
		33540B1F2A6F34B400E47DE2 /* ContentView.swift in Sources */ = {isa = PBXBuildFile; fileRef = 33540B1E2A6F34B400E47DE2 /* ContentView.swift */; };
		33540B212A6F34B500E47DE2 /* Assets.xcassets in Resources */ = {isa = PBXBuildFile; fileRef = 33540B202A6F34B500E47DE2 /* Assets.xcassets */; };
		33540B242A6F34B500E47DE2 /* Preview Assets.xcassets in Resources */ = {isa = PBXBuildFile; fileRef = 33540B232A6F34B500E47DE2 /* Preview Assets.xcassets */; };
		33540B272A6F34B500E47DE2 /* WatchLandmarks Watch App.app in Embed Watch Content */ = {isa = PBXBuildFile; fileRef = 33540B1A2A6F34B400E47DE2 /* WatchLandmarks Watch App.app */; settings = {ATTRIBUTES = (RemoveHeadersOnCopy, ); }; };
		33540B2C2A6F34F600E47DE2 /* LandmarkRow.swift in Sources */ = {isa = PBXBuildFile; fileRef = 33231BBD2A5598F800442F98 /* LandmarkRow.swift */; };
		33540B2D2A6F34F600E47DE2 /* LandmarkList.swift in Sources */ = {isa = PBXBuildFile; fileRef = 33231BBF2A559CD800442F98 /* LandmarkList.swift */; };
		33540B2F2A6F34FB00E47DE2 /* UIView+Extension.swift in Sources */ = {isa = PBXBuildFile; fileRef = 33231BC52A56D77900442F98 /* UIView+Extension.swift */; };
		33540B302A6F351100E47DE2 /* Season.swift in Sources */ = {isa = PBXBuildFile; fileRef = 339091F42A62F8D800F353A2 /* Season.swift */; };
		33540B312A6F351100E47DE2 /* Category.swift in Sources */ = {isa = PBXBuildFile; fileRef = 33A06F582A601E510052CCC1 /* Category.swift */; };
		33540B322A6F351500E47DE2 /* Landmark.swift in Sources */ = {isa = PBXBuildFile; fileRef = 33231BB92A5591A200442F98 /* Landmark.swift */; };
		33540B332A6F351500E47DE2 /* Hike.swift in Sources */ = {isa = PBXBuildFile; fileRef = 3341C55C2A5DA714007ECE1C /* Hike.swift */; };
		33540B342A6F351500E47DE2 /* Observation.swift in Sources */ = {isa = PBXBuildFile; fileRef = 339091F62A63093000F353A2 /* Observation.swift */; };
		33540B352A6F351500E47DE2 /* Coordinates.swift in Sources */ = {isa = PBXBuildFile; fileRef = 339091E92A62DBDC00F353A2 /* Coordinates.swift */; };
		33540B362A6F351500E47DE2 /* ModelData.swift in Sources */ = {isa = PBXBuildFile; fileRef = 33231BBB2A5596CA00442F98 /* ModelData.swift */; };
		33540B372A6F351500E47DE2 /* Profile.swift in Sources */ = {isa = PBXBuildFile; fileRef = 339091E72A62DBBA00F353A2 /* Profile.swift */; };
		33540B382A6F351D00E47DE2 /* Assets.xcassets in Resources */ = {isa = PBXBuildFile; fileRef = 33231BA52A55630900442F98 /* Assets.xcassets */; };
		33540B392A6F354800E47DE2 /* LandmarksApp.swift in Sources */ = {isa = PBXBuildFile; fileRef = 33231BA12A55630800442F98 /* LandmarksApp.swift */; };
		33540B3A2A6F359E00E47DE2 /* hikeData.json in Resources */ = {isa = PBXBuildFile; fileRef = 3341C55E2A5DA7CC007ECE1C /* hikeData.json */; };
		33540B3B2A6F35A100E47DE2 /* landmarkData.json in Resources */ = {isa = PBXBuildFile; fileRef = 33231BB72A55916100442F98 /* landmarkData.json */; };
		33540B3F2A6F35C300E47DE2 /* MapView.swift in Sources */ = {isa = PBXBuildFile; fileRef = 33231BB22A55656A00442F98 /* MapView.swift */; };
		33540B412A6F35C300E47DE2 /* CircleImage.swift in Sources */ = {isa = PBXBuildFile; fileRef = 33231BB02A55655000442F98 /* CircleImage.swift */; };
		33540B422A6F35C300E47DE2 /* FavoriteButton.swift in Sources */ = {isa = PBXBuildFile; fileRef = 33231BC92A56E62C00442F98 /* FavoriteButton.swift */; };
		33540B442A6FCE7100E47DE2 /* Preview Assets.xcassets in Resources */ = {isa = PBXBuildFile; fileRef = 33540B232A6F34B500E47DE2 /* Preview Assets.xcassets */; };
		33540B452A6FCEB700E47DE2 /* Assets.xcassets in Resources */ = {isa = PBXBuildFile; fileRef = 33540B202A6F34B500E47DE2 /* Assets.xcassets */; };
		33540B492A6FE1AD00E47DE2 /* LandmarkDetail.swift in Sources */ = {isa = PBXBuildFile; fileRef = 33540B482A6FE1AD00E47DE2 /* LandmarkDetail.swift */; };
		33540B4B2A6FE76F00E47DE2 /* NotificationView.swift in Sources */ = {isa = PBXBuildFile; fileRef = 33540B4A2A6FE76F00E47DE2 /* NotificationView.swift */; };
		33540B4D2A6FE87D00E47DE2 /* NotificationController.swift in Sources */ = {isa = PBXBuildFile; fileRef = 33540B4C2A6FE87D00E47DE2 /* NotificationController.swift */; };
		33540B4F2A6FFB2D00E47DE2 /* PushNotificationPayload.apns in Resources */ = {isa = PBXBuildFile; fileRef = 33540B4E2A6FFB2D00E47DE2 /* PushNotificationPayload.apns */; };
		33540BB82A708D9E00E47DE2 /* LocalNotifications.swift in Sources */ = {isa = PBXBuildFile; fileRef = 33540BB72A708D9E00E47DE2 /* LocalNotifications.swift */; };
		339091E82A62DBBA00F353A2 /* Profile.swift in Sources */ = {isa = PBXBuildFile; fileRef = 339091E72A62DBBA00F353A2 /* Profile.swift */; };
		339091EA2A62DBDC00F353A2 /* Coordinates.swift in Sources */ = {isa = PBXBuildFile; fileRef = 339091E92A62DBDC00F353A2 /* Coordinates.swift */; };
		339091ED2A62DCB900F353A2 /* ProfileHost.swift in Sources */ = {isa = PBXBuildFile; fileRef = 339091EC2A62DCB900F353A2 /* ProfileHost.swift */; };
		339091EF2A62DDE300F353A2 /* ProfileSummary.swift in Sources */ = {isa = PBXBuildFile; fileRef = 339091EE2A62DDE300F353A2 /* ProfileSummary.swift */; };
		339091F12A62E4B000F353A2 /* HikeBadge.swift in Sources */ = {isa = PBXBuildFile; fileRef = 339091F02A62E4B000F353A2 /* HikeBadge.swift */; };
		339091F32A62F69400F353A2 /* ProfileEditor.swift in Sources */ = {isa = PBXBuildFile; fileRef = 339091F22A62F69400F353A2 /* ProfileEditor.swift */; };
		339091F52A62F8D800F353A2 /* Season.swift in Sources */ = {isa = PBXBuildFile; fileRef = 339091F42A62F8D800F353A2 /* Season.swift */; };
		339091F72A63093000F353A2 /* Observation.swift in Sources */ = {isa = PBXBuildFile; fileRef = 339091F62A63093000F353A2 /* Observation.swift */; };
		339091FC2A64440300F353A2 /* HikeList.swift in Sources */ = {isa = PBXBuildFile; fileRef = 339091FB2A64440300F353A2 /* HikeList.swift */; };
		339091FF2A66064700F353A2 /* PageViewController.swift in Sources */ = {isa = PBXBuildFile; fileRef = 339091FE2A66064700F353A2 /* PageViewController.swift */; };
		339092012A6608C000F353A2 /* FeatureCard.swift in Sources */ = {isa = PBXBuildFile; fileRef = 339092002A6608C000F353A2 /* FeatureCard.swift */; };
		339092032A66105300F353A2 /* TextOverlay.swift in Sources */ = {isa = PBXBuildFile; fileRef = 339092022A66105300F353A2 /* TextOverlay.swift */; };
		339092052A66114E00F353A2 /* PageView.swift in Sources */ = {isa = PBXBuildFile; fileRef = 339092042A66114E00F353A2 /* PageView.swift */; };
		33A06F482A5DAB400052CCC1 /* HikeGraph.swift in Sources */ = {isa = PBXBuildFile; fileRef = 33A06F442A5DAB400052CCC1 /* HikeGraph.swift */; };
		33A06F492A5DAB400052CCC1 /* GraphCapsule.swift in Sources */ = {isa = PBXBuildFile; fileRef = 33A06F452A5DAB400052CCC1 /* GraphCapsule.swift */; };
		33A06F4A2A5DAB400052CCC1 /* HikeView.swift in Sources */ = {isa = PBXBuildFile; fileRef = 33A06F462A5DAB400052CCC1 /* HikeView.swift */; };
		33A06F4B2A5DAB400052CCC1 /* HikeDetail.swift in Sources */ = {isa = PBXBuildFile; fileRef = 33A06F472A5DAB400052CCC1 /* HikeDetail.swift */; };
		33A06F512A6001C10052CCC1 /* CategoryHome.swift in Sources */ = {isa = PBXBuildFile; fileRef = 33A06F502A6001C10052CCC1 /* CategoryHome.swift */; };
		33A06F532A6001E80052CCC1 /* CategoryRow.swift in Sources */ = {isa = PBXBuildFile; fileRef = 33A06F522A6001E80052CCC1 /* CategoryRow.swift */; };
		33A06F562A60020D0052CCC1 /* CategoryItem.swift in Sources */ = {isa = PBXBuildFile; fileRef = 33A06F552A60020D0052CCC1 /* CategoryItem.swift */; };
		33A06F592A601E510052CCC1 /* Category.swift in Sources */ = {isa = PBXBuildFile; fileRef = 33A06F582A601E510052CCC1 /* Category.swift */; };
/* End PBXBuildFile section */

/* Begin PBXContainerItemProxy section */
		33540B252A6F34B500E47DE2 /* PBXContainerItemProxy */ = {
			isa = PBXContainerItemProxy;
			containerPortal = 33231B962A55630800442F98 /* Project object */;
			proxyType = 1;
			remoteGlobalIDString = 33540B192A6F34B400E47DE2;
			remoteInfo = "WatchLandmarks Watch App";
		};
/* End PBXContainerItemProxy section */

/* Begin PBXCopyFilesBuildPhase section */
		33540B282A6F34B500E47DE2 /* Embed Watch Content */ = {
			isa = PBXCopyFilesBuildPhase;
			buildActionMask = 2147483647;
			dstPath = "$(CONTENTS_FOLDER_PATH)/Watch";
			dstSubfolderSpec = 16;
			files = (
				33540B272A6F34B500E47DE2 /* WatchLandmarks Watch App.app in Embed Watch Content */,
			);
			name = "Embed Watch Content";
			runOnlyForDeploymentPostprocessing = 0;
		};
/* End PBXCopyFilesBuildPhase section */

/* Begin PBXFileReference section */
		33231B9E2A55630800442F98 /* Landmarks.app */ = {isa = PBXFileReference; explicitFileType = wrapper.application; includeInIndex = 0; path = Landmarks.app; sourceTree = BUILT_PRODUCTS_DIR; };
		33231BA12A55630800442F98 /* LandmarksApp.swift */ = {isa = PBXFileReference; lastKnownFileType = sourcecode.swift; path = LandmarksApp.swift; sourceTree = "<group>"; };
		33231BA32A55630800442F98 /* ContentView.swift */ = {isa = PBXFileReference; lastKnownFileType = sourcecode.swift; path = ContentView.swift; sourceTree = "<group>"; };
		33231BA52A55630900442F98 /* Assets.xcassets */ = {isa = PBXFileReference; lastKnownFileType = folder.assetcatalog; path = Assets.xcassets; sourceTree = "<group>"; };
		33231BA72A55630900442F98 /* Landmarks.entitlements */ = {isa = PBXFileReference; lastKnownFileType = text.plist.entitlements; path = Landmarks.entitlements; sourceTree = "<group>"; };
		33231BA92A55630900442F98 /* Preview Assets.xcassets */ = {isa = PBXFileReference; lastKnownFileType = folder.assetcatalog; path = "Preview Assets.xcassets"; sourceTree = "<group>"; };
		33231BB02A55655000442F98 /* CircleImage.swift */ = {isa = PBXFileReference; lastKnownFileType = sourcecode.swift; path = CircleImage.swift; sourceTree = "<group>"; };
		33231BB22A55656A00442F98 /* MapView.swift */ = {isa = PBXFileReference; lastKnownFileType = sourcecode.swift; path = MapView.swift; sourceTree = "<group>"; };
		33231BB72A55916100442F98 /* landmarkData.json */ = {isa = PBXFileReference; fileEncoding = 4; lastKnownFileType = text.json; path = landmarkData.json; sourceTree = "<group>"; };
		33231BB92A5591A200442F98 /* Landmark.swift */ = {isa = PBXFileReference; lastKnownFileType = sourcecode.swift; path = Landmark.swift; sourceTree = "<group>"; };
		33231BBB2A5596CA00442F98 /* ModelData.swift */ = {isa = PBXFileReference; lastKnownFileType = sourcecode.swift; path = ModelData.swift; sourceTree = "<group>"; };
		33231BBD2A5598F800442F98 /* LandmarkRow.swift */ = {isa = PBXFileReference; lastKnownFileType = sourcecode.swift; path = LandmarkRow.swift; sourceTree = "<group>"; };
		33231BBF2A559CD800442F98 /* LandmarkList.swift */ = {isa = PBXFileReference; lastKnownFileType = sourcecode.swift; path = LandmarkList.swift; sourceTree = "<group>"; };
		33231BC12A55A82F00442F98 /* LandmarkDetail.swift */ = {isa = PBXFileReference; lastKnownFileType = sourcecode.swift; path = LandmarkDetail.swift; sourceTree = "<group>"; };
		33231BC52A56D77900442F98 /* UIView+Extension.swift */ = {isa = PBXFileReference; lastKnownFileType = sourcecode.swift; path = "UIView+Extension.swift"; sourceTree = "<group>"; };
		33231BC92A56E62C00442F98 /* FavoriteButton.swift */ = {isa = PBXFileReference; lastKnownFileType = sourcecode.swift; path = FavoriteButton.swift; sourceTree = "<group>"; };
		3341C5432A5C19B7007ECE1C /* HexagonParameters.swift */ = {isa = PBXFileReference; lastKnownFileType = sourcecode.swift; path = HexagonParameters.swift; sourceTree = "<group>"; };
		3341C5452A5C2BC8007ECE1C /* BadgeBackground.swift */ = {isa = PBXFileReference; lastKnownFileType = sourcecode.swift; path = BadgeBackground.swift; sourceTree = "<group>"; };
		3341C5472A5C45D2007ECE1C /* BadgeSymbol.swift */ = {isa = PBXFileReference; lastKnownFileType = sourcecode.swift; path = BadgeSymbol.swift; sourceTree = "<group>"; };
		3341C5492A5C4ADE007ECE1C /* RotatedBadgeSymbol.swift */ = {isa = PBXFileReference; lastKnownFileType = sourcecode.swift; path = RotatedBadgeSymbol.swift; sourceTree = "<group>"; };
		3341C54B2A5C4BC2007ECE1C /* Badge.swift */ = {isa = PBXFileReference; lastKnownFileType = sourcecode.swift; path = Badge.swift; sourceTree = "<group>"; };
		3341C55C2A5DA714007ECE1C /* Hike.swift */ = {isa = PBXFileReference; lastKnownFileType = sourcecode.swift; path = Hike.swift; sourceTree = "<group>"; };
		3341C55E2A5DA7CC007ECE1C /* hikeData.json */ = {isa = PBXFileReference; fileEncoding = 4; lastKnownFileType = text.json; path = hikeData.json; sourceTree = "<group>"; };
		33540A932A6EC73F00E47DE2 /* PageControl.swift */ = {isa = PBXFileReference; lastKnownFileType = sourcecode.swift; name = PageControl.swift; path = "../../../../../Apple SwiftUI Tutorial/Landmarks/Landmarks/Views/PageView/PageControl.swift"; sourceTree = "<group>"; };
		33540B1A2A6F34B400E47DE2 /* WatchLandmarks Watch App.app */ = {isa = PBXFileReference; explicitFileType = wrapper.application; includeInIndex = 0; path = "WatchLandmarks Watch App.app"; sourceTree = BUILT_PRODUCTS_DIR; };
		33540B1E2A6F34B400E47DE2 /* ContentView.swift */ = {isa = PBXFileReference; lastKnownFileType = sourcecode.swift; path = ContentView.swift; sourceTree = "<group>"; };
		33540B202A6F34B500E47DE2 /* Assets.xcassets */ = {isa = PBXFileReference; lastKnownFileType = folder.assetcatalog; path = Assets.xcassets; sourceTree = "<group>"; };
		33540B232A6F34B500E47DE2 /* Preview Assets.xcassets */ = {isa = PBXFileReference; lastKnownFileType = folder.assetcatalog; path = "Preview Assets.xcassets"; sourceTree = "<group>"; };
		33540B462A6FD13B00E47DE2 /* Info.plist */ = {isa = PBXFileReference; lastKnownFileType = text.plist; path = Info.plist; sourceTree = "<group>"; };
		33540B482A6FE1AD00E47DE2 /* LandmarkDetail.swift */ = {isa = PBXFileReference; lastKnownFileType = sourcecode.swift; path = LandmarkDetail.swift; sourceTree = "<group>"; };
		33540B4A2A6FE76F00E47DE2 /* NotificationView.swift */ = {isa = PBXFileReference; lastKnownFileType = sourcecode.swift; path = NotificationView.swift; sourceTree = "<group>"; };
		33540B4C2A6FE87D00E47DE2 /* NotificationController.swift */ = {isa = PBXFileReference; lastKnownFileType = sourcecode.swift; path = NotificationController.swift; sourceTree = "<group>"; };
		33540B4E2A6FFB2D00E47DE2 /* PushNotificationPayload.apns */ = {isa = PBXFileReference; fileEncoding = 4; lastKnownFileType = text; path = PushNotificationPayload.apns; sourceTree = "<group>"; };
		33540BB72A708D9E00E47DE2 /* LocalNotifications.swift */ = {isa = PBXFileReference; lastKnownFileType = sourcecode.swift; path = LocalNotifications.swift; sourceTree = "<group>"; };
		339091E72A62DBBA00F353A2 /* Profile.swift */ = {isa = PBXFileReference; lastKnownFileType = sourcecode.swift; path = Profile.swift; sourceTree = "<group>"; };
		339091E92A62DBDC00F353A2 /* Coordinates.swift */ = {isa = PBXFileReference; lastKnownFileType = sourcecode.swift; path = Coordinates.swift; sourceTree = "<group>"; };
		339091EC2A62DCB900F353A2 /* ProfileHost.swift */ = {isa = PBXFileReference; lastKnownFileType = sourcecode.swift; path = ProfileHost.swift; sourceTree = "<group>"; };
		339091EE2A62DDE300F353A2 /* ProfileSummary.swift */ = {isa = PBXFileReference; lastKnownFileType = sourcecode.swift; path = ProfileSummary.swift; sourceTree = "<group>"; };
		339091F02A62E4B000F353A2 /* HikeBadge.swift */ = {isa = PBXFileReference; lastKnownFileType = sourcecode.swift; path = HikeBadge.swift; sourceTree = "<group>"; };
		339091F22A62F69400F353A2 /* ProfileEditor.swift */ = {isa = PBXFileReference; lastKnownFileType = sourcecode.swift; path = ProfileEditor.swift; sourceTree = "<group>"; };
		339091F42A62F8D800F353A2 /* Season.swift */ = {isa = PBXFileReference; lastKnownFileType = sourcecode.swift; path = Season.swift; sourceTree = "<group>"; };
		339091F62A63093000F353A2 /* Observation.swift */ = {isa = PBXFileReference; lastKnownFileType = sourcecode.swift; path = Observation.swift; sourceTree = "<group>"; };
		339091FB2A64440300F353A2 /* HikeList.swift */ = {isa = PBXFileReference; lastKnownFileType = sourcecode.swift; path = HikeList.swift; sourceTree = "<group>"; };
		339091FE2A66064700F353A2 /* PageViewController.swift */ = {isa = PBXFileReference; lastKnownFileType = sourcecode.swift; path = PageViewController.swift; sourceTree = "<group>"; };
		339092002A6608C000F353A2 /* FeatureCard.swift */ = {isa = PBXFileReference; lastKnownFileType = sourcecode.swift; path = FeatureCard.swift; sourceTree = "<group>"; };
		339092022A66105300F353A2 /* TextOverlay.swift */ = {isa = PBXFileReference; lastKnownFileType = sourcecode.swift; path = TextOverlay.swift; sourceTree = "<group>"; };
		339092042A66114E00F353A2 /* PageView.swift */ = {isa = PBXFileReference; lastKnownFileType = sourcecode.swift; path = PageView.swift; sourceTree = "<group>"; };
		33A06F442A5DAB400052CCC1 /* HikeGraph.swift */ = {isa = PBXFileReference; fileEncoding = 4; lastKnownFileType = sourcecode.swift; path = HikeGraph.swift; sourceTree = "<group>"; };
		33A06F452A5DAB400052CCC1 /* GraphCapsule.swift */ = {isa = PBXFileReference; fileEncoding = 4; lastKnownFileType = sourcecode.swift; path = GraphCapsule.swift; sourceTree = "<group>"; };
		33A06F462A5DAB400052CCC1 /* HikeView.swift */ = {isa = PBXFileReference; fileEncoding = 4; lastKnownFileType = sourcecode.swift; path = HikeView.swift; sourceTree = "<group>"; };
		33A06F472A5DAB400052CCC1 /* HikeDetail.swift */ = {isa = PBXFileReference; fileEncoding = 4; lastKnownFileType = sourcecode.swift; path = HikeDetail.swift; sourceTree = "<group>"; };
		33A06F502A6001C10052CCC1 /* CategoryHome.swift */ = {isa = PBXFileReference; lastKnownFileType = sourcecode.swift; path = CategoryHome.swift; sourceTree = "<group>"; };
		33A06F522A6001E80052CCC1 /* CategoryRow.swift */ = {isa = PBXFileReference; lastKnownFileType = sourcecode.swift; path = CategoryRow.swift; sourceTree = "<group>"; };
		33A06F552A60020D0052CCC1 /* CategoryItem.swift */ = {isa = PBXFileReference; lastKnownFileType = sourcecode.swift; path = CategoryItem.swift; sourceTree = "<group>"; };
		33A06F582A601E510052CCC1 /* Category.swift */ = {isa = PBXFileReference; lastKnownFileType = sourcecode.swift; path = Category.swift; sourceTree = "<group>"; };
/* End PBXFileReference section */

/* Begin PBXFrameworksBuildPhase section */
		33231B9B2A55630800442F98 /* Frameworks */ = {
			isa = PBXFrameworksBuildPhase;
			buildActionMask = 2147483647;
			files = (
			);
			runOnlyForDeploymentPostprocessing = 0;
		};
		33540B172A6F34B400E47DE2 /* Frameworks */ = {
			isa = PBXFrameworksBuildPhase;
			buildActionMask = 2147483647;
			files = (
			);
			runOnlyForDeploymentPostprocessing = 0;
		};
/* End PBXFrameworksBuildPhase section */

/* Begin PBXGroup section */
		33231B952A55630800442F98 = {
			isa = PBXGroup;
			children = (
				33231BA12A55630800442F98 /* LandmarksApp.swift */,
				33540B472A6FE16600E47DE2 /* Base */,
				33231BA02A55630800442F98 /* Landmarks */,
				33540B1B2A6F34B400E47DE2 /* WatchLandmarks Watch App */,
				33231B9F2A55630800442F98 /* Products */,
			);
			sourceTree = "<group>";
		};
		33231B9F2A55630800442F98 /* Products */ = {
			isa = PBXGroup;
			children = (
				33231B9E2A55630800442F98 /* Landmarks.app */,
				33540B1A2A6F34B400E47DE2 /* WatchLandmarks Watch App.app */,
			);
			name = Products;
			sourceTree = "<group>";
		};
		33231BA02A55630800442F98 /* Landmarks */ = {
			isa = PBXGroup;
			children = (
				33540B462A6FD13B00E47DE2 /* Info.plist */,
				33231BB62A55909400442F98 /* Views */,
				33231BB52A55907900442F98 /* Resources */,
				33231BA52A55630900442F98 /* Assets.xcassets */,
				33231BA72A55630900442F98 /* Landmarks.entitlements */,
				33231BA82A55630900442F98 /* Preview Content */,
			);
			path = Landmarks;
			sourceTree = "<group>";
		};
		33231BA82A55630900442F98 /* Preview Content */ = {
			isa = PBXGroup;
			children = (
				33231BA92A55630900442F98 /* Preview Assets.xcassets */,
			);
			path = "Preview Content";
			sourceTree = "<group>";
		};
		33231BB42A55907000442F98 /* Models */ = {
			isa = PBXGroup;
			children = (
				33A06F572A601E270052CCC1 /* Enums */,
				33231BBB2A5596CA00442F98 /* ModelData.swift */,
				33231BB92A5591A200442F98 /* Landmark.swift */,
				3341C55C2A5DA714007ECE1C /* Hike.swift */,
				339091E72A62DBBA00F353A2 /* Profile.swift */,
				339091F62A63093000F353A2 /* Observation.swift */,
				339091E92A62DBDC00F353A2 /* Coordinates.swift */,
			);
			path = Models;
			sourceTree = "<group>";
		};
		33231BB52A55907900442F98 /* Resources */ = {
			isa = PBXGroup;
			children = (
				3341C55E2A5DA7CC007ECE1C /* hikeData.json */,
				33231BB72A55916100442F98 /* landmarkData.json */,
			);
			path = Resources;
			sourceTree = "<group>";
		};
		33231BB62A55909400442F98 /* Views */ = {
			isa = PBXGroup;
			children = (
				33231BA32A55630800442F98 /* ContentView.swift */,
				33A06F4F2A60017C0052CCC1 /* Categories */,
				33231BCB2A570AF900442F98 /* Landmark */,
				339091FD2A66054200F353A2 /* PageView */,
				339091EB2A62DC6D00F353A2 /* Profiles */,
				33231BCC2A58D35C00442F98 /* Badges */,
				3341C55B2A5DA704007ECE1C /* Hikes */,
				33231BC42A56D75B00442F98 /* Helpers */,
			);
			path = Views;
			sourceTree = "<group>";
		};
		33231BC42A56D75B00442F98 /* Helpers */ = {
			isa = PBXGroup;
			children = (
				33231BB02A55655000442F98 /* CircleImage.swift */,
				33231BB22A55656A00442F98 /* MapView.swift */,
				33231BC92A56E62C00442F98 /* FavoriteButton.swift */,
			);
			path = Helpers;
			sourceTree = "<group>";
		};
		33231BC72A56D7BE00442F98 /* Extension */ = {
			isa = PBXGroup;
			children = (
				33231BC52A56D77900442F98 /* UIView+Extension.swift */,
			);
			path = Extension;
			sourceTree = "<group>";
		};
		33231BCB2A570AF900442F98 /* Landmark */ = {
			isa = PBXGroup;
			children = (
				33231BBF2A559CD800442F98 /* LandmarkList.swift */,
				33231BBD2A5598F800442F98 /* LandmarkRow.swift */,
				33231BC12A55A82F00442F98 /* LandmarkDetail.swift */,
			);
			path = Landmark;
			sourceTree = "<group>";
		};
		33231BCC2A58D35C00442F98 /* Badges */ = {
			isa = PBXGroup;
			children = (
				339091F02A62E4B000F353A2 /* HikeBadge.swift */,
				3341C54B2A5C4BC2007ECE1C /* Badge.swift */,
				3341C5452A5C2BC8007ECE1C /* BadgeBackground.swift */,
				3341C5472A5C45D2007ECE1C /* BadgeSymbol.swift */,
				3341C5492A5C4ADE007ECE1C /* RotatedBadgeSymbol.swift */,
				3341C5432A5C19B7007ECE1C /* HexagonParameters.swift */,
			);
			path = Badges;
			sourceTree = "<group>";
		};
		3341C55B2A5DA704007ECE1C /* Hikes */ = {
			isa = PBXGroup;
			children = (
				33A06F462A5DAB400052CCC1 /* HikeView.swift */,
				339091FB2A64440300F353A2 /* HikeList.swift */,
				33A06F472A5DAB400052CCC1 /* HikeDetail.swift */,
				33A06F442A5DAB400052CCC1 /* HikeGraph.swift */,
				33A06F452A5DAB400052CCC1 /* GraphCapsule.swift */,
			);
			path = Hikes;
			sourceTree = "<group>";
		};
		33540B1B2A6F34B400E47DE2 /* WatchLandmarks Watch App */ = {
			isa = PBXGroup;
			children = (
				33540B1E2A6F34B400E47DE2 /* ContentView.swift */,
				33540B482A6FE1AD00E47DE2 /* LandmarkDetail.swift */,
				33540C0A2A71AE2400E47DE2 /* Notification */,
				33540B4E2A6FFB2D00E47DE2 /* PushNotificationPayload.apns */,
				33540B202A6F34B500E47DE2 /* Assets.xcassets */,
				33540B222A6F34B500E47DE2 /* Preview Content */,
			);
			path = "WatchLandmarks Watch App";
			sourceTree = "<group>";
		};
		33540B222A6F34B500E47DE2 /* Preview Content */ = {
			isa = PBXGroup;
			children = (
				33540B232A6F34B500E47DE2 /* Preview Assets.xcassets */,
			);
			path = "Preview Content";
			sourceTree = "<group>";
		};
		33540B472A6FE16600E47DE2 /* Base */ = {
			isa = PBXGroup;
			children = (
				33231BC72A56D7BE00442F98 /* Extension */,
				33231BB42A55907000442F98 /* Models */,
			);
			path = Base;
			sourceTree = "<group>";
		};
		33540C0A2A71AE2400E47DE2 /* Notification */ = {
			isa = PBXGroup;
			children = (
				33540BB72A708D9E00E47DE2 /* LocalNotifications.swift */,
				33540B4C2A6FE87D00E47DE2 /* NotificationController.swift */,
				33540B4A2A6FE76F00E47DE2 /* NotificationView.swift */,
			);
			path = Notification;
			sourceTree = "<group>";
		};
		339091EB2A62DC6D00F353A2 /* Profiles */ = {
			isa = PBXGroup;
			children = (
				339091EC2A62DCB900F353A2 /* ProfileHost.swift */,
				339091EE2A62DDE300F353A2 /* ProfileSummary.swift */,
				339091F22A62F69400F353A2 /* ProfileEditor.swift */,
			);
			path = Profiles;
			sourceTree = "<group>";
		};
		339091FD2A66054200F353A2 /* PageView */ = {
			isa = PBXGroup;
			children = (
				339092042A66114E00F353A2 /* PageView.swift */,
				339091FE2A66064700F353A2 /* PageViewController.swift */,
				33540A932A6EC73F00E47DE2 /* PageControl.swift */,
				339092002A6608C000F353A2 /* FeatureCard.swift */,
				339092022A66105300F353A2 /* TextOverlay.swift */,
			);
			path = PageView;
			sourceTree = "<group>";
		};
		33A06F4F2A60017C0052CCC1 /* Categories */ = {
			isa = PBXGroup;
			children = (
				33A06F502A6001C10052CCC1 /* CategoryHome.swift */,
				33A06F522A6001E80052CCC1 /* CategoryRow.swift */,
				33A06F552A60020D0052CCC1 /* CategoryItem.swift */,
			);
			path = Categories;
			sourceTree = "<group>";
		};
		33A06F572A601E270052CCC1 /* Enums */ = {
			isa = PBXGroup;
			children = (
				33A06F582A601E510052CCC1 /* Category.swift */,
				339091F42A62F8D800F353A2 /* Season.swift */,
			);
			path = Enums;
			sourceTree = "<group>";
		};
/* End PBXGroup section */

/* Begin PBXNativeTarget section */
		33231B9D2A55630800442F98 /* Landmarks */ = {
			isa = PBXNativeTarget;
			buildConfigurationList = 33231BAD2A55630900442F98 /* Build configuration list for PBXNativeTarget "Landmarks" */;
			buildPhases = (
				33231B9A2A55630800442F98 /* Sources */,
				33231B9B2A55630800442F98 /* Frameworks */,
				33231B9C2A55630800442F98 /* Resources */,
				33540B282A6F34B500E47DE2 /* Embed Watch Content */,
			);
			buildRules = (
			);
			dependencies = (
				33540B262A6F34B500E47DE2 /* PBXTargetDependency */,
			);
			name = Landmarks;
			productName = Landmarks;
			productReference = 33231B9E2A55630800442F98 /* Landmarks.app */;
			productType = "com.apple.product-type.application";
		};
		33540B192A6F34B400E47DE2 /* WatchLandmarks Watch App */ = {
			isa = PBXNativeTarget;
			buildConfigurationList = 33540B2B2A6F34B500E47DE2 /* Build configuration list for PBXNativeTarget "WatchLandmarks Watch App" */;
			buildPhases = (
				33540B162A6F34B400E47DE2 /* Sources */,
				33540B172A6F34B400E47DE2 /* Frameworks */,
				33540B182A6F34B400E47DE2 /* Resources */,
			);
			buildRules = (
			);
			dependencies = (
			);
			name = "WatchLandmarks Watch App";
			productName = "WatchLandmarks Watch App";
			productReference = 33540B1A2A6F34B400E47DE2 /* WatchLandmarks Watch App.app */;
			productType = "com.apple.product-type.application";
		};
/* End PBXNativeTarget section */

/* Begin PBXProject section */
		33231B962A55630800442F98 /* Project object */ = {
			isa = PBXProject;
			attributes = {
				BuildIndependentTargetsInParallel = 1;
				LastSwiftUpdateCheck = 1430;
				LastUpgradeCheck = 1430;
				TargetAttributes = {
					33231B9D2A55630800442F98 = {
						CreatedOnToolsVersion = 14.3;
					};
					33540B192A6F34B400E47DE2 = {
						CreatedOnToolsVersion = 14.3.1;
					};
				};
			};
			buildConfigurationList = 33231B992A55630800442F98 /* Build configuration list for PBXProject "Landmarks" */;
			compatibilityVersion = "Xcode 14.0";
			developmentRegion = en;
			hasScannedForEncodings = 0;
			knownRegions = (
				en,
				Base,
			);
			mainGroup = 33231B952A55630800442F98;
			productRefGroup = 33231B9F2A55630800442F98 /* Products */;
			projectDirPath = "";
			projectRoot = "";
			targets = (
				33231B9D2A55630800442F98 /* Landmarks */,
				33540B192A6F34B400E47DE2 /* WatchLandmarks Watch App */,
			);
		};
/* End PBXProject section */

/* Begin PBXResourcesBuildPhase section */
		33231B9C2A55630800442F98 /* Resources */ = {
			isa = PBXResourcesBuildPhase;
			buildActionMask = 2147483647;
			files = (
				3341C55F2A5DA7CC007ECE1C /* hikeData.json in Resources */,
				33540B442A6FCE7100E47DE2 /* Preview Assets.xcassets in Resources */,
				33231BAA2A55630900442F98 /* Preview Assets.xcassets in Resources */,
				33231BA62A55630900442F98 /* Assets.xcassets in Resources */,
				33540B452A6FCEB700E47DE2 /* Assets.xcassets in Resources */,
				33231BB82A55916100442F98 /* landmarkData.json in Resources */,
			);
			runOnlyForDeploymentPostprocessing = 0;
		};
		33540B182A6F34B400E47DE2 /* Resources */ = {
			isa = PBXResourcesBuildPhase;
			buildActionMask = 2147483647;
			files = (
				33540B3A2A6F359E00E47DE2 /* hikeData.json in Resources */,
				33540B242A6F34B500E47DE2 /* Preview Assets.xcassets in Resources */,
				33540B382A6F351D00E47DE2 /* Assets.xcassets in Resources */,
				33540B212A6F34B500E47DE2 /* Assets.xcassets in Resources */,
				33540B3B2A6F35A100E47DE2 /* landmarkData.json in Resources */,
				33540B4F2A6FFB2D00E47DE2 /* PushNotificationPayload.apns in Resources */,
			);
			runOnlyForDeploymentPostprocessing = 0;
		};
/* End PBXResourcesBuildPhase section */

/* Begin PBXSourcesBuildPhase section */
		33231B9A2A55630800442F98 /* Sources */ = {
			isa = PBXSourcesBuildPhase;
			buildActionMask = 2147483647;
			files = (
				3341C55D2A5DA714007ECE1C /* Hike.swift in Sources */,
				339091FF2A66064700F353A2 /* PageViewController.swift in Sources */,
				33A06F482A5DAB400052CCC1 /* HikeGraph.swift in Sources */,
				3341C5442A5C19B7007ECE1C /* HexagonParameters.swift in Sources */,
				339091E82A62DBBA00F353A2 /* Profile.swift in Sources */,
				33231BC62A56D77900442F98 /* UIView+Extension.swift in Sources */,
				33A06F512A6001C10052CCC1 /* CategoryHome.swift in Sources */,
				339092052A66114E00F353A2 /* PageView.swift in Sources */,
				339091EA2A62DBDC00F353A2 /* Coordinates.swift in Sources */,
				339091F32A62F69400F353A2 /* ProfileEditor.swift in Sources */,
				33231BA42A55630800442F98 /* ContentView.swift in Sources */,
				339092012A6608C000F353A2 /* FeatureCard.swift in Sources */,
				33A06F532A6001E80052CCC1 /* CategoryRow.swift in Sources */,
				339091FC2A64440300F353A2 /* HikeList.swift in Sources */,
				33231BB32A55656A00442F98 /* MapView.swift in Sources */,
				339091F12A62E4B000F353A2 /* HikeBadge.swift in Sources */,
				33231BA22A55630800442F98 /* LandmarksApp.swift in Sources */,
				33231BC02A559CD800442F98 /* LandmarkList.swift in Sources */,
				33A06F562A60020D0052CCC1 /* CategoryItem.swift in Sources */,
				33231BC22A55A82F00442F98 /* LandmarkDetail.swift in Sources */,
				339091F52A62F8D800F353A2 /* Season.swift in Sources */,
				3341C5482A5C45D2007ECE1C /* BadgeSymbol.swift in Sources */,
				3341C54A2A5C4ADE007ECE1C /* RotatedBadgeSymbol.swift in Sources */,
				339091F72A63093000F353A2 /* Observation.swift in Sources */,
				33A06F592A601E510052CCC1 /* Category.swift in Sources */,
				339092032A66105300F353A2 /* TextOverlay.swift in Sources */,
				33A06F4B2A5DAB400052CCC1 /* HikeDetail.swift in Sources */,
				3341C54C2A5C4BC2007ECE1C /* Badge.swift in Sources */,
				33231BB12A55655000442F98 /* CircleImage.swift in Sources */,
				33A06F4A2A5DAB400052CCC1 /* HikeView.swift in Sources */,
				33540A942A6EC73F00E47DE2 /* PageControl.swift in Sources */,
				3341C5462A5C2BC8007ECE1C /* BadgeBackground.swift in Sources */,
				33231BBA2A5591A200442F98 /* Landmark.swift in Sources */,
				339091EF2A62DDE300F353A2 /* ProfileSummary.swift in Sources */,
				339091ED2A62DCB900F353A2 /* ProfileHost.swift in Sources */,
				33231BBE2A5598F800442F98 /* LandmarkRow.swift in Sources */,
				33231BCA2A56E62C00442F98 /* FavoriteButton.swift in Sources */,
				33A06F492A5DAB400052CCC1 /* GraphCapsule.swift in Sources */,
				33231BBC2A5596CA00442F98 /* ModelData.swift in Sources */,
			);
			runOnlyForDeploymentPostprocessing = 0;
		};
		33540B162A6F34B400E47DE2 /* Sources */ = {
			isa = PBXSourcesBuildPhase;
			buildActionMask = 2147483647;
			files = (
				33540B332A6F351500E47DE2 /* Hike.swift in Sources */,
				33540B2F2A6F34FB00E47DE2 /* UIView+Extension.swift in Sources */,
				33540B1F2A6F34B400E47DE2 /* ContentView.swift in Sources */,
				33540B422A6F35C300E47DE2 /* FavoriteButton.swift in Sources */,
				33540B492A6FE1AD00E47DE2 /* LandmarkDetail.swift in Sources */,
				33540B372A6F351500E47DE2 /* Profile.swift in Sources */,
				33540B362A6F351500E47DE2 /* ModelData.swift in Sources */,
				33540B352A6F351500E47DE2 /* Coordinates.swift in Sources */,
				33540B3F2A6F35C300E47DE2 /* MapView.swift in Sources */,
				33540B2C2A6F34F600E47DE2 /* LandmarkRow.swift in Sources */,
				33540B322A6F351500E47DE2 /* Landmark.swift in Sources */,
				33540B302A6F351100E47DE2 /* Season.swift in Sources */,
				33540B342A6F351500E47DE2 /* Observation.swift in Sources */,
				33540B4D2A6FE87D00E47DE2 /* NotificationController.swift in Sources */,
				33540B2D2A6F34F600E47DE2 /* LandmarkList.swift in Sources */,
				33540BB82A708D9E00E47DE2 /* LocalNotifications.swift in Sources */,
				33540B412A6F35C300E47DE2 /* CircleImage.swift in Sources */,
				33540B392A6F354800E47DE2 /* LandmarksApp.swift in Sources */,
				33540B312A6F351100E47DE2 /* Category.swift in Sources */,
				33540B4B2A6FE76F00E47DE2 /* NotificationView.swift in Sources */,
			);
			runOnlyForDeploymentPostprocessing = 0;
		};
/* End PBXSourcesBuildPhase section */

/* Begin PBXTargetDependency section */
		33540B262A6F34B500E47DE2 /* PBXTargetDependency */ = {
			isa = PBXTargetDependency;
			target = 33540B192A6F34B400E47DE2 /* WatchLandmarks Watch App */;
			targetProxy = 33540B252A6F34B500E47DE2 /* PBXContainerItemProxy */;
		};
/* End PBXTargetDependency section */

/* Begin XCBuildConfiguration section */
		33231BAB2A55630900442F98 /* Debug */ = {
			isa = XCBuildConfiguration;
			buildSettings = {
				ALWAYS_SEARCH_USER_PATHS = NO;
				CLANG_ANALYZER_NONNULL = YES;
				CLANG_ANALYZER_NUMBER_OBJECT_CONVERSION = YES_AGGRESSIVE;
				CLANG_CXX_LANGUAGE_STANDARD = "gnu++20";
				CLANG_ENABLE_MODULES = YES;
				CLANG_ENABLE_OBJC_ARC = YES;
				CLANG_ENABLE_OBJC_WEAK = YES;
				CLANG_WARN_BLOCK_CAPTURE_AUTORELEASING = YES;
				CLANG_WARN_BOOL_CONVERSION = YES;
				CLANG_WARN_COMMA = YES;
				CLANG_WARN_CONSTANT_CONVERSION = YES;
				CLANG_WARN_DEPRECATED_OBJC_IMPLEMENTATIONS = YES;
				CLANG_WARN_DIRECT_OBJC_ISA_USAGE = YES_ERROR;
				CLANG_WARN_DOCUMENTATION_COMMENTS = YES;
				CLANG_WARN_EMPTY_BODY = YES;
				CLANG_WARN_ENUM_CONVERSION = YES;
				CLANG_WARN_INFINITE_RECURSION = YES;
				CLANG_WARN_INT_CONVERSION = YES;
				CLANG_WARN_NON_LITERAL_NULL_CONVERSION = YES;
				CLANG_WARN_OBJC_IMPLICIT_RETAIN_SELF = YES;
				CLANG_WARN_OBJC_LITERAL_CONVERSION = YES;
				CLANG_WARN_OBJC_ROOT_CLASS = YES_ERROR;
				CLANG_WARN_QUOTED_INCLUDE_IN_FRAMEWORK_HEADER = YES;
				CLANG_WARN_RANGE_LOOP_ANALYSIS = YES;
				CLANG_WARN_STRICT_PROTOTYPES = YES;
				CLANG_WARN_SUSPICIOUS_MOVE = YES;
				CLANG_WARN_UNGUARDED_AVAILABILITY = YES_AGGRESSIVE;
				CLANG_WARN_UNREACHABLE_CODE = YES;
				CLANG_WARN__DUPLICATE_METHOD_MATCH = YES;
				COPY_PHASE_STRIP = NO;
				DEBUG_INFORMATION_FORMAT = dwarf;
				ENABLE_STRICT_OBJC_MSGSEND = YES;
				ENABLE_TESTABILITY = YES;
				GCC_C_LANGUAGE_STANDARD = gnu11;
				GCC_DYNAMIC_NO_PIC = NO;
				GCC_NO_COMMON_BLOCKS = YES;
				GCC_OPTIMIZATION_LEVEL = 0;
				GCC_PREPROCESSOR_DEFINITIONS = (
					"DEBUG=1",
					"$(inherited)",
				);
				GCC_WARN_64_TO_32_BIT_CONVERSION = YES;
				GCC_WARN_ABOUT_RETURN_TYPE = YES_ERROR;
				GCC_WARN_UNDECLARED_SELECTOR = YES;
				GCC_WARN_UNINITIALIZED_AUTOS = YES_AGGRESSIVE;
				GCC_WARN_UNUSED_FUNCTION = YES;
				GCC_WARN_UNUSED_VARIABLE = YES;
				MTL_ENABLE_DEBUG_INFO = INCLUDE_SOURCE;
				MTL_FAST_MATH = YES;
				ONLY_ACTIVE_ARCH = YES;
				SWIFT_ACTIVE_COMPILATION_CONDITIONS = DEBUG;
				SWIFT_OPTIMIZATION_LEVEL = "-Onone";
			};
			name = Debug;
		};
		33231BAC2A55630900442F98 /* Release */ = {
			isa = XCBuildConfiguration;
			buildSettings = {
				ALWAYS_SEARCH_USER_PATHS = NO;
				CLANG_ANALYZER_NONNULL = YES;
				CLANG_ANALYZER_NUMBER_OBJECT_CONVERSION = YES_AGGRESSIVE;
				CLANG_CXX_LANGUAGE_STANDARD = "gnu++20";
				CLANG_ENABLE_MODULES = YES;
				CLANG_ENABLE_OBJC_ARC = YES;
				CLANG_ENABLE_OBJC_WEAK = YES;
				CLANG_WARN_BLOCK_CAPTURE_AUTORELEASING = YES;
				CLANG_WARN_BOOL_CONVERSION = YES;
				CLANG_WARN_COMMA = YES;
				CLANG_WARN_CONSTANT_CONVERSION = YES;
				CLANG_WARN_DEPRECATED_OBJC_IMPLEMENTATIONS = YES;
				CLANG_WARN_DIRECT_OBJC_ISA_USAGE = YES_ERROR;
				CLANG_WARN_DOCUMENTATION_COMMENTS = YES;
				CLANG_WARN_EMPTY_BODY = YES;
				CLANG_WARN_ENUM_CONVERSION = YES;
				CLANG_WARN_INFINITE_RECURSION = YES;
				CLANG_WARN_INT_CONVERSION = YES;
				CLANG_WARN_NON_LITERAL_NULL_CONVERSION = YES;
				CLANG_WARN_OBJC_IMPLICIT_RETAIN_SELF = YES;
				CLANG_WARN_OBJC_LITERAL_CONVERSION = YES;
				CLANG_WARN_OBJC_ROOT_CLASS = YES_ERROR;
				CLANG_WARN_QUOTED_INCLUDE_IN_FRAMEWORK_HEADER = YES;
				CLANG_WARN_RANGE_LOOP_ANALYSIS = YES;
				CLANG_WARN_STRICT_PROTOTYPES = YES;
				CLANG_WARN_SUSPICIOUS_MOVE = YES;
				CLANG_WARN_UNGUARDED_AVAILABILITY = YES_AGGRESSIVE;
				CLANG_WARN_UNREACHABLE_CODE = YES;
				CLANG_WARN__DUPLICATE_METHOD_MATCH = YES;
				COPY_PHASE_STRIP = NO;
				DEBUG_INFORMATION_FORMAT = "dwarf-with-dsym";
				ENABLE_NS_ASSERTIONS = NO;
				ENABLE_STRICT_OBJC_MSGSEND = YES;
				GCC_C_LANGUAGE_STANDARD = gnu11;
				GCC_NO_COMMON_BLOCKS = YES;
				GCC_WARN_64_TO_32_BIT_CONVERSION = YES;
				GCC_WARN_ABOUT_RETURN_TYPE = YES_ERROR;
				GCC_WARN_UNDECLARED_SELECTOR = YES;
				GCC_WARN_UNINITIALIZED_AUTOS = YES_AGGRESSIVE;
				GCC_WARN_UNUSED_FUNCTION = YES;
				GCC_WARN_UNUSED_VARIABLE = YES;
				MTL_ENABLE_DEBUG_INFO = NO;
				MTL_FAST_MATH = YES;
				SWIFT_COMPILATION_MODE = wholemodule;
				SWIFT_OPTIMIZATION_LEVEL = "-O";
			};
			name = Release;
		};
		33231BAE2A55630900442F98 /* Debug */ = {
			isa = XCBuildConfiguration;
			buildSettings = {
				ALWAYS_EMBED_SWIFT_STANDARD_LIBRARIES = YES;
				ASSETCATALOG_COMPILER_APPICON_NAME = AppIcon;
				"ASSETCATALOG_COMPILER_APPICON_NAME[sdk=iphoneos*]" = AppIcon;
				"ASSETCATALOG_COMPILER_APPICON_NAME[sdk=macosx*]" = AppIcon;
				ASSETCATALOG_COMPILER_GLOBAL_ACCENT_COLOR_NAME = AccentColor;
				ASSETCATALOG_COMPILER_INCLUDE_ALL_APPICON_ASSETS = YES;
				CODE_SIGN_ENTITLEMENTS = Landmarks/Landmarks.entitlements;
				CODE_SIGN_STYLE = Automatic;
				CURRENT_PROJECT_VERSION = 1;
				DEVELOPMENT_ASSET_PATHS = "\"Landmarks/Preview Content\"";
				DEVELOPMENT_TEAM = 68GGNBWVC7;
				ENABLE_HARDENED_RUNTIME = YES;
				ENABLE_PREVIEWS = YES;
				GENERATE_INFOPLIST_FILE = YES;
				INFOPLIST_FILE = Landmarks/Info.plist;
				"INFOPLIST_KEY_UIApplicationSceneManifest_Generation[sdk=iphoneos*]" = YES;
				"INFOPLIST_KEY_UIApplicationSceneManifest_Generation[sdk=iphonesimulator*]" = YES;
				"INFOPLIST_KEY_UIApplicationSupportsIndirectInputEvents[sdk=iphoneos*]" = YES;
				"INFOPLIST_KEY_UIApplicationSupportsIndirectInputEvents[sdk=iphonesimulator*]" = YES;
				"INFOPLIST_KEY_UILaunchScreen_Generation[sdk=iphoneos*]" = YES;
				"INFOPLIST_KEY_UILaunchScreen_Generation[sdk=iphonesimulator*]" = YES;
				"INFOPLIST_KEY_UIStatusBarStyle[sdk=iphoneos*]" = UIStatusBarStyleDefault;
				"INFOPLIST_KEY_UIStatusBarStyle[sdk=iphonesimulator*]" = UIStatusBarStyleDefault;
				INFOPLIST_KEY_UISupportedInterfaceOrientations_iPad = "UIInterfaceOrientationPortrait UIInterfaceOrientationPortraitUpsideDown UIInterfaceOrientationLandscapeLeft UIInterfaceOrientationLandscapeRight";
				INFOPLIST_KEY_UISupportedInterfaceOrientations_iPhone = "UIInterfaceOrientationPortrait UIInterfaceOrientationLandscapeLeft UIInterfaceOrientationLandscapeRight";
				IPHONEOS_DEPLOYMENT_TARGET = 16.4;
				LD_RUNPATH_SEARCH_PATHS = "@executable_path/Frameworks";
				"LD_RUNPATH_SEARCH_PATHS[sdk=macosx*]" = "@executable_path/../Frameworks";
				MACOSX_DEPLOYMENT_TARGET = 13.0;
				MARKETING_VERSION = 1.0;
				PRODUCT_BUNDLE_IDENTIFIER = com.landmarks.kevinmarin.Landmarks;
				PRODUCT_NAME = "$(TARGET_NAME)";
				SDKROOT = auto;
				SUPPORTED_PLATFORMS = "iphoneos iphonesimulator";
				SUPPORTS_MACCATALYST = NO;
				SUPPORTS_MAC_DESIGNED_FOR_IPHONE_IPAD = YES;
				SWIFT_EMIT_LOC_STRINGS = YES;
				SWIFT_VERSION = 5.0;
				TARGETED_DEVICE_FAMILY = "1,2";
			};
			name = Debug;
		};
		33231BAF2A55630900442F98 /* Release */ = {
			isa = XCBuildConfiguration;
			buildSettings = {
				ALWAYS_EMBED_SWIFT_STANDARD_LIBRARIES = YES;
				ASSETCATALOG_COMPILER_APPICON_NAME = AppIcon;
				"ASSETCATALOG_COMPILER_APPICON_NAME[sdk=iphoneos*]" = AppIcon;
				"ASSETCATALOG_COMPILER_APPICON_NAME[sdk=macosx*]" = AppIcon;
				ASSETCATALOG_COMPILER_GLOBAL_ACCENT_COLOR_NAME = AccentColor;
				ASSETCATALOG_COMPILER_INCLUDE_ALL_APPICON_ASSETS = YES;
				CODE_SIGN_ENTITLEMENTS = Landmarks/Landmarks.entitlements;
				CODE_SIGN_STYLE = Automatic;
				CURRENT_PROJECT_VERSION = 1;
				DEVELOPMENT_ASSET_PATHS = "\"Landmarks/Preview Content\"";
				DEVELOPMENT_TEAM = 68GGNBWVC7;
				ENABLE_HARDENED_RUNTIME = YES;
				ENABLE_PREVIEWS = YES;
				GENERATE_INFOPLIST_FILE = YES;
				INFOPLIST_FILE = Landmarks/Info.plist;
				"INFOPLIST_KEY_UIApplicationSceneManifest_Generation[sdk=iphoneos*]" = YES;
				"INFOPLIST_KEY_UIApplicationSceneManifest_Generation[sdk=iphonesimulator*]" = YES;
				"INFOPLIST_KEY_UIApplicationSupportsIndirectInputEvents[sdk=iphoneos*]" = YES;
				"INFOPLIST_KEY_UIApplicationSupportsIndirectInputEvents[sdk=iphonesimulator*]" = YES;
				"INFOPLIST_KEY_UILaunchScreen_Generation[sdk=iphoneos*]" = YES;
				"INFOPLIST_KEY_UILaunchScreen_Generation[sdk=iphonesimulator*]" = YES;
				"INFOPLIST_KEY_UIStatusBarStyle[sdk=iphoneos*]" = UIStatusBarStyleDefault;
				"INFOPLIST_KEY_UIStatusBarStyle[sdk=iphonesimulator*]" = UIStatusBarStyleDefault;
				INFOPLIST_KEY_UISupportedInterfaceOrientations_iPad = "UIInterfaceOrientationPortrait UIInterfaceOrientationPortraitUpsideDown UIInterfaceOrientationLandscapeLeft UIInterfaceOrientationLandscapeRight";
				INFOPLIST_KEY_UISupportedInterfaceOrientations_iPhone = "UIInterfaceOrientationPortrait UIInterfaceOrientationLandscapeLeft UIInterfaceOrientationLandscapeRight";
				IPHONEOS_DEPLOYMENT_TARGET = 16.4;
				LD_RUNPATH_SEARCH_PATHS = "@executable_path/Frameworks";
				"LD_RUNPATH_SEARCH_PATHS[sdk=macosx*]" = "@executable_path/../Frameworks";
				MACOSX_DEPLOYMENT_TARGET = 13.0;
				MARKETING_VERSION = 1.0;
				PRODUCT_BUNDLE_IDENTIFIER = com.landmarks.kevinmarin.Landmarks;
				PRODUCT_NAME = "$(TARGET_NAME)";
				SDKROOT = auto;
				SUPPORTED_PLATFORMS = "iphoneos iphonesimulator";
				SUPPORTS_MACCATALYST = NO;
				SUPPORTS_MAC_DESIGNED_FOR_IPHONE_IPAD = YES;
				SWIFT_EMIT_LOC_STRINGS = YES;
				SWIFT_VERSION = 5.0;
				TARGETED_DEVICE_FAMILY = "1,2";
			};
			name = Release;
		};
		33540B292A6F34B500E47DE2 /* Debug */ = {
			isa = XCBuildConfiguration;
			buildSettings = {
				ASSETCATALOG_COMPILER_APPICON_NAME = AppIcon;
				ASSETCATALOG_COMPILER_GLOBAL_ACCENT_COLOR_NAME = AccentColor;
				ASSETCATALOG_COMPILER_INCLUDE_ALL_APPICON_ASSETS = YES;
				CODE_SIGN_STYLE = Automatic;
				CURRENT_PROJECT_VERSION = 1;
				DEVELOPMENT_ASSET_PATHS = "\"WatchLandmarks Watch App/Preview Content\"";
				DEVELOPMENT_TEAM = 68GGNBWVC7;
				ENABLE_PREVIEWS = YES;
				GENERATE_INFOPLIST_FILE = YES;
				INFOPLIST_FILE = "WatchLandmarks-Watch-App-Info.plist";
				INFOPLIST_KEY_CFBundleDisplayName = WatchLandmarks;
				INFOPLIST_KEY_UISupportedInterfaceOrientations = "UIInterfaceOrientationPortrait UIInterfaceOrientationPortraitUpsideDown";
				INFOPLIST_KEY_WKCompanionAppBundleIdentifier = com.landmarks.kevinmarin.Landmarks;
				INFOPLIST_KEY_WKRunsIndependentlyOfCompanionApp = YES;
				LD_RUNPATH_SEARCH_PATHS = (
					"$(inherited)",
					"@executable_path/Frameworks",
				);
				MARKETING_VERSION = 1.0;
				PRODUCT_BUNDLE_IDENTIFIER = com.landmarks.kevinmarin.Landmarks.watchkitapp;
				PRODUCT_NAME = "$(TARGET_NAME)";
				SDKROOT = watchos;
				SKIP_INSTALL = YES;
				SWIFT_EMIT_LOC_STRINGS = YES;
				SWIFT_VERSION = 5.0;
				TARGETED_DEVICE_FAMILY = 4;
				WATCHOS_DEPLOYMENT_TARGET = 9.4;
			};
			name = Debug;
		};
		33540B2A2A6F34B500E47DE2 /* Release */ = {
			isa = XCBuildConfiguration;
			buildSettings = {
				ASSETCATALOG_COMPILER_APPICON_NAME = AppIcon;
				ASSETCATALOG_COMPILER_GLOBAL_ACCENT_COLOR_NAME = AccentColor;
				ASSETCATALOG_COMPILER_INCLUDE_ALL_APPICON_ASSETS = YES;
				CODE_SIGN_STYLE = Automatic;
				CURRENT_PROJECT_VERSION = 1;
				DEVELOPMENT_ASSET_PATHS = "\"WatchLandmarks Watch App/Preview Content\"";
				DEVELOPMENT_TEAM = 68GGNBWVC7;
				ENABLE_PREVIEWS = YES;
				GENERATE_INFOPLIST_FILE = YES;
				INFOPLIST_FILE = "WatchLandmarks-Watch-App-Info.plist";
				INFOPLIST_KEY_CFBundleDisplayName = WatchLandmarks;
				INFOPLIST_KEY_UISupportedInterfaceOrientations = "UIInterfaceOrientationPortrait UIInterfaceOrientationPortraitUpsideDown";
				INFOPLIST_KEY_WKCompanionAppBundleIdentifier = com.landmarks.kevinmarin.Landmarks;
				INFOPLIST_KEY_WKRunsIndependentlyOfCompanionApp = YES;
				LD_RUNPATH_SEARCH_PATHS = (
					"$(inherited)",
					"@executable_path/Frameworks",
				);
				MARKETING_VERSION = 1.0;
				PRODUCT_BUNDLE_IDENTIFIER = com.landmarks.kevinmarin.Landmarks.watchkitapp;
				PRODUCT_NAME = "$(TARGET_NAME)";
				SDKROOT = watchos;
				SKIP_INSTALL = YES;
				SWIFT_EMIT_LOC_STRINGS = YES;
				SWIFT_VERSION = 5.0;
				TARGETED_DEVICE_FAMILY = 4;
				VALIDATE_PRODUCT = YES;
				WATCHOS_DEPLOYMENT_TARGET = 9.4;
			};
			name = Release;
		};
/* End XCBuildConfiguration section */

/* Begin XCConfigurationList section */
		33231B992A55630800442F98 /* Build configuration list for PBXProject "Landmarks" */ = {
			isa = XCConfigurationList;
			buildConfigurations = (
				33231BAB2A55630900442F98 /* Debug */,
				33231BAC2A55630900442F98 /* Release */,
			);
			defaultConfigurationIsVisible = 0;
			defaultConfigurationName = Release;
		};
		33231BAD2A55630900442F98 /* Build configuration list for PBXNativeTarget "Landmarks" */ = {
			isa = XCConfigurationList;
			buildConfigurations = (
				33231BAE2A55630900442F98 /* Debug */,
				33231BAF2A55630900442F98 /* Release */,
			);
			defaultConfigurationIsVisible = 0;
			defaultConfigurationName = Release;
		};
		33540B2B2A6F34B500E47DE2 /* Build configuration list for PBXNativeTarget "WatchLandmarks Watch App" */ = {
			isa = XCConfigurationList;
			buildConfigurations = (
				33540B292A6F34B500E47DE2 /* Debug */,
				33540B2A2A6F34B500E47DE2 /* Release */,
			);
			defaultConfigurationIsVisible = 0;
			defaultConfigurationName = Release;
		};
/* End XCConfigurationList section */
	};
	rootObject = 33231B962A55630800442F98 /* Project object */;
}
